
Microsoft Visual Studio Solution File, Format Version 12.00
# Visual Studio Version 17
VisualStudioVersion = 17.4.33213.308
MinimumVisualStudioVersion = 10.0.40219.1
Project("{FAE04EC0-301F-11D3-BF4B-00C04F79EFBC}") = "SimpleLogger", "SimpleLogger1\SimpleLogger.csproj", "{9250052A-DF1E-4B60-B4BC-399CF068BE7D}"
EndProject
Global
	GlobalSection(SolutionConfigurationPlatforms) = preSolution
		Debug|Any CPU = Debug|Any CPU
		Release|Any CPU = Release|Any CPU
	EndGlobalSection
	GlobalSection(ProjectConfigurationPlatforms) = postSolution
		{9250052A-DF1E-4B60-B4BC-399CF068BE7D}.Debug|Any CPU.ActiveCfg = Debug|Any CPU
		{9250052A-DF1E-4B60-B4BC-399CF068BE7D}.Debug|Any CPU.Build.0 = Debug|Any CPU
		{9250052A-DF1E-4B60-B4BC-399CF068BE7D}.Release|Any CPU.ActiveCfg = Release|Any CPU
		{9250052A-DF1E-4B60-B4BC-399CF068BE7D}.Release|Any CPU.Build.0 = Release|Any CPU
	EndGlobalSection
	GlobalSection(SolutionProperties) = preSolution
		HideSolutionNode = FALSE
	EndGlobalSection
	GlobalSection(ExtensibilityGlobals) = postSolution
		SolutionGuid = {2032DE24-C554-42F5-BC72-92CF086168F8}
	EndGlobalSection
EndGlobal
